// !$*UTF8*$!
{
	archiveVersion = 1;
	classes = {
	};
	objectVersion = 46;
	objects = {

/* Begin PBXBuildFile section */
		180009D518DA16CF000B258C /* Foundation.framework in Frameworks */ = {isa = PBXBuildFile; fileRef = 180009D418DA16CF000B258C /* Foundation.framework */; };
		180009D718DA16CF000B258C /* CoreGraphics.framework in Frameworks */ = {isa = PBXBuildFile; fileRef = 180009D618DA16CF000B258C /* CoreGraphics.framework */; };
		180009D918DA16CF000B258C /* UIKit.framework in Frameworks */ = {isa = PBXBuildFile; fileRef = 180009D818DA16CF000B258C /* UIKit.framework */; };
		180009DF18DA16CF000B258C /* InfoPlist.strings in Resources */ = {isa = PBXBuildFile; fileRef = 180009DD18DA16CF000B258C /* InfoPlist.strings */; };
		180009E118DA16CF000B258C /* main.m in Sources */ = {isa = PBXBuildFile; fileRef = 180009E018DA16CF000B258C /* main.m */; };
		180009E518DA16CF000B258C /* AppDelegate.m in Sources */ = {isa = PBXBuildFile; fileRef = 180009E418DA16CF000B258C /* AppDelegate.m */; };
		180009E818DA16CF000B258C /* Main_iPhone.storyboard in Resources */ = {isa = PBXBuildFile; fileRef = 180009E618DA16CF000B258C /* Main_iPhone.storyboard */; };
		180009EB18DA16CF000B258C /* Main_iPad.storyboard in Resources */ = {isa = PBXBuildFile; fileRef = 180009E918DA16CF000B258C /* Main_iPad.storyboard */; };
		180009EE18DA16CF000B258C /* ViewController.m in Sources */ = {isa = PBXBuildFile; fileRef = 180009ED18DA16CF000B258C /* ViewController.m */; };
		180009F018DA16CF000B258C /* Images.xcassets in Resources */ = {isa = PBXBuildFile; fileRef = 180009EF18DA16CF000B258C /* Images.xcassets */; };
		180009F718DA16CF000B258C /* XCTest.framework in Frameworks */ = {isa = PBXBuildFile; fileRef = 180009F618DA16CF000B258C /* XCTest.framework */; };
		180009F818DA16CF000B258C /* Foundation.framework in Frameworks */ = {isa = PBXBuildFile; fileRef = 180009D418DA16CF000B258C /* Foundation.framework */; };
		180009F918DA16CF000B258C /* UIKit.framework in Frameworks */ = {isa = PBXBuildFile; fileRef = 180009D818DA16CF000B258C /* UIKit.framework */; };
		18000A0118DA16CF000B258C /* InfoPlist.strings in Resources */ = {isa = PBXBuildFile; fileRef = 180009FF18DA16CF000B258C /* InfoPlist.strings */; };
		18000A0318DA16CF000B258C /* TesteNovoTests.m in Sources */ = {isa = PBXBuildFile; fileRef = 18000A0218DA16CF000B258C /* TesteNovoTests.m */; };
/* End PBXBuildFile section */

/* Begin PBXContainerItemProxy section */
		180009FA18DA16CF000B258C /* PBXContainerItemProxy */ = {
			isa = PBXContainerItemProxy;
			containerPortal = 180009C918DA16CF000B258C /* Project object */;
			proxyType = 1;
			remoteGlobalIDString = 180009D018DA16CF000B258C;
			remoteInfo = TesteNovo;
		};
/* End PBXContainerItemProxy section */

/* Begin PBXFileReference section */
		180009D118DA16CF000B258C /* TesteNovo.app */ = {isa = PBXFileReference; explicitFileType = wrapper.application; includeInIndex = 0; path = TesteNovo.app; sourceTree = BUILT_PRODUCTS_DIR; };
		180009D418DA16CF000B258C /* Foundation.framework */ = {isa = PBXFileReference; lastKnownFileType = wrapper.framework; name = Foundation.framework; path = System/Library/Frameworks/Foundation.framework; sourceTree = SDKROOT; };
		180009D618DA16CF000B258C /* CoreGraphics.framework */ = {isa = PBXFileReference; lastKnownFileType = wrapper.framework; name = CoreGraphics.framework; path = System/Library/Frameworks/CoreGraphics.framework; sourceTree = SDKROOT; };
		180009D818DA16CF000B258C /* UIKit.framework */ = {isa = PBXFileReference; lastKnownFileType = wrapper.framework; name = UIKit.framework; path = System/Library/Frameworks/UIKit.framework; sourceTree = SDKROOT; };
		180009DC18DA16CF000B258C /* TesteNovo-Info.plist */ = {isa = PBXFileReference; lastKnownFileType = text.plist.xml; path = "TesteNovo-Info.plist"; sourceTree = "<group>"; };
		180009DE18DA16CF000B258C /* en */ = {isa = PBXFileReference; lastKnownFileType = text.plist.strings; name = en; path = en.lproj/InfoPlist.strings; sourceTree = "<group>"; };
		180009E018DA16CF000B258C /* main.m */ = {isa = PBXFileReference; lastKnownFileType = sourcecode.c.objc; path = main.m; sourceTree = "<group>"; };
		180009E218DA16CF000B258C /* TesteNovo-Prefix.pch */ = {isa = PBXFileReference; lastKnownFileType = sourcecode.c.h; path = "TesteNovo-Prefix.pch"; sourceTree = "<group>"; };
		180009E318DA16CF000B258C /* AppDelegate.h */ = {isa = PBXFileReference; lastKnownFileType = sourcecode.c.h; path = AppDelegate.h; sourceTree = "<group>"; };
		180009E418DA16CF000B258C /* AppDelegate.m */ = {isa = PBXFileReference; lastKnownFileType = sourcecode.c.objc; path = AppDelegate.m; sourceTree = "<group>"; };
		180009E718DA16CF000B258C /* Base */ = {isa = PBXFileReference; lastKnownFileType = file.storyboard; name = Base; path = Base.lproj/Main_iPhone.storyboard; sourceTree = "<group>"; };
		180009EA18DA16CF000B258C /* Base */ = {isa = PBXFileReference; lastKnownFileType = file.storyboard; name = Base; path = Base.lproj/Main_iPad.storyboard; sourceTree = "<group>"; };
		180009EC18DA16CF000B258C /* ViewController.h */ = {isa = PBXFileReference; lastKnownFileType = sourcecode.c.h; path = ViewController.h; sourceTree = "<group>"; };
		180009ED18DA16CF000B258C /* ViewController.m */ = {isa = PBXFileReference; lastKnownFileType = sourcecode.c.objc; path = ViewController.m; sourceTree = "<group>"; };
		180009EF18DA16CF000B258C /* Images.xcassets */ = {isa = PBXFileReference; lastKnownFileType = folder.assetcatalog; path = Images.xcassets; sourceTree = "<group>"; };
		180009F518DA16CF000B258C /* TesteNovoTests.xctest */ = {isa = PBXFileReference; explicitFileType = wrapper.cfbundle; includeInIndex = 0; path = TesteNovoTests.xctest; sourceTree = BUILT_PRODUCTS_DIR; };
		180009F618DA16CF000B258C /* XCTest.framework */ = {isa = PBXFileReference; lastKnownFileType = wrapper.framework; name = XCTest.framework; path = Library/Frameworks/XCTest.framework; sourceTree = DEVELOPER_DIR; };
		180009FE18DA16CF000B258C /* TesteNovoTests-Info.plist */ = {isa = PBXFileReference; lastKnownFileType = text.plist.xml; path = "TesteNovoTests-Info.plist"; sourceTree = "<group>"; };
		18000A0018DA16CF000B258C /* en */ = {isa = PBXFileReference; lastKnownFileType = text.plist.strings; name = en; path = en.lproj/InfoPlist.strings; sourceTree = "<group>"; };
		18000A0218DA16CF000B258C /* TesteNovoTests.m */ = {isa = PBXFileReference; lastKnownFileType = sourcecode.c.objc; path = TesteNovoTests.m; sourceTree = "<group>"; };
/* End PBXFileReference section */

/* Begin PBXFrameworksBuildPhase section */
		180009CE18DA16CF000B258C /* Frameworks */ = {
			isa = PBXFrameworksBuildPhase;
			buildActionMask = 2147483647;
			files = (
				180009D718DA16CF000B258C /* CoreGraphics.framework in Frameworks */,
				180009D918DA16CF000B258C /* UIKit.framework in Frameworks */,
				180009D518DA16CF000B258C /* Foundation.framework in Frameworks */,
			);
			runOnlyForDeploymentPostprocessing = 0;
		};
		180009F218DA16CF000B258C /* Frameworks */ = {
			isa = PBXFrameworksBuildPhase;
			buildActionMask = 2147483647;
			files = (
				180009F718DA16CF000B258C /* XCTest.framework in Frameworks */,
				180009F918DA16CF000B258C /* UIKit.framework in Frameworks */,
				180009F818DA16CF000B258C /* Foundation.framework in Frameworks */,
			);
			runOnlyForDeploymentPostprocessing = 0;
		};
/* End PBXFrameworksBuildPhase section */

/* Begin PBXGroup section */
		180009C818DA16CF000B258C = {
			isa = PBXGroup;
			children = (
				180009DA18DA16CF000B258C /* TesteNovo */,
				180009FC18DA16CF000B258C /* TesteNovoTests */,
				180009D318DA16CF000B258C /* Frameworks */,
				180009D218DA16CF000B258C /* Products */,
			);
			sourceTree = "<group>";
		};
		180009D218DA16CF000B258C /* Products */ = {
			isa = PBXGroup;
			children = (
				180009D118DA16CF000B258C /* TesteNovo.app */,
				180009F518DA16CF000B258C /* TesteNovoTests.xctest */,
			);
			name = Products;
			sourceTree = "<group>";
		};
		180009D318DA16CF000B258C /* Frameworks */ = {
			isa = PBXGroup;
			children = (
				180009D418DA16CF000B258C /* Foundation.framework */,
				180009D618DA16CF000B258C /* CoreGraphics.framework */,
				180009D818DA16CF000B258C /* UIKit.framework */,
				180009F618DA16CF000B258C /* XCTest.framework */,
			);
			name = Frameworks;
			sourceTree = "<group>";
		};
		180009DA18DA16CF000B258C /* TesteNovo */ = {
			isa = PBXGroup;
			children = (
				180009E318DA16CF000B258C /* AppDelegate.h */,
				180009E418DA16CF000B258C /* AppDelegate.m */,
				180009E618DA16CF000B258C /* Main_iPhone.storyboard */,
				180009E918DA16CF000B258C /* Main_iPad.storyboard */,
				180009EC18DA16CF000B258C /* ViewController.h */,
				180009ED18DA16CF000B258C /* ViewController.m */,
				180009EF18DA16CF000B258C /* Images.xcassets */,
				180009DB18DA16CF000B258C /* Supporting Files */,
			);
			path = TesteNovo;
			sourceTree = "<group>";
		};
		180009DB18DA16CF000B258C /* Supporting Files */ = {
			isa = PBXGroup;
			children = (
				180009DC18DA16CF000B258C /* TesteNovo-Info.plist */,
				180009DD18DA16CF000B258C /* InfoPlist.strings */,
				180009E018DA16CF000B258C /* main.m */,
				180009E218DA16CF000B258C /* TesteNovo-Prefix.pch */,
			);
			name = "Supporting Files";
			sourceTree = "<group>";
		};
		180009FC18DA16CF000B258C /* TesteNovoTests */ = {
			isa = PBXGroup;
			children = (
				18000A0218DA16CF000B258C /* TesteNovoTests.m */,
				180009FD18DA16CF000B258C /* Supporting Files */,
			);
			path = TesteNovoTests;
			sourceTree = "<group>";
		};
		180009FD18DA16CF000B258C /* Supporting Files */ = {
			isa = PBXGroup;
			children = (
				180009FE18DA16CF000B258C /* TesteNovoTests-Info.plist */,
				180009FF18DA16CF000B258C /* InfoPlist.strings */,
			);
			name = "Supporting Files";
			sourceTree = "<group>";
		};
/* End PBXGroup section */

/* Begin PBXNativeTarget section */
		180009D018DA16CF000B258C /* TesteNovo */ = {
			isa = PBXNativeTarget;
			buildConfigurationList = 18000A0618DA16CF000B258C /* Build configuration list for PBXNativeTarget "TesteNovo" */;
			buildPhases = (
				180009CD18DA16CF000B258C /* Sources */,
				180009CE18DA16CF000B258C /* Frameworks */,
				180009CF18DA16CF000B258C /* Resources */,
			);
			buildRules = (
			);
			dependencies = (
			);
			name = TesteNovo;
			productName = TesteNovo;
			productReference = 180009D118DA16CF000B258C /* TesteNovo.app */;
			productType = "com.apple.product-type.application";
		};
		180009F418DA16CF000B258C /* TesteNovoTests */ = {
			isa = PBXNativeTarget;
			buildConfigurationList = 18000A0918DA16CF000B258C /* Build configuration list for PBXNativeTarget "TesteNovoTests" */;
			buildPhases = (
				180009F118DA16CF000B258C /* Sources */,
				180009F218DA16CF000B258C /* Frameworks */,
				180009F318DA16CF000B258C /* Resources */,
			);
			buildRules = (
			);
			dependencies = (
				180009FB18DA16CF000B258C /* PBXTargetDependency */,
			);
			name = TesteNovoTests;
			productName = TesteNovoTests;
			productReference = 180009F518DA16CF000B258C /* TesteNovoTests.xctest */;
			productType = "com.apple.product-type.bundle.unit-test";
		};
/* End PBXNativeTarget section */

/* Begin PBXProject section */
		180009C918DA16CF000B258C /* Project object */ = {
			isa = PBXProject;
			attributes = {
				LastUpgradeCheck = 0510;
				ORGANIZATIONNAME = apple;
				TargetAttributes = {
					180009F418DA16CF000B258C = {
						TestTargetID = 180009D018DA16CF000B258C;
					};
				};
			};
			buildConfigurationList = 180009CC18DA16CF000B258C /* Build configuration list for PBXProject "TesteNovo" */;
			compatibilityVersion = "Xcode 3.2";
			developmentRegion = English;
			hasScannedForEncodings = 0;
			knownRegions = (
				en,
				Base,
			);
			mainGroup = 180009C818DA16CF000B258C;
			productRefGroup = 180009D218DA16CF000B258C /* Products */;
			projectDirPath = "";
			projectRoot = "";
			targets = (
				180009D018DA16CF000B258C /* TesteNovo */,
				180009F418DA16CF000B258C /* TesteNovoTests */,
			);
		};
/* End PBXProject section */

/* Begin PBXResourcesBuildPhase section */
		180009CF18DA16CF000B258C /* Resources */ = {
			isa = PBXResourcesBuildPhase;
			buildActionMask = 2147483647;
			files = (
				180009EB18DA16CF000B258C /* Main_iPad.storyboard in Resources */,
				180009F018DA16CF000B258C /* Images.xcassets in Resources */,
				180009E818DA16CF000B258C /* Main_iPhone.storyboard in Resources */,
				180009DF18DA16CF000B258C /* InfoPlist.strings in Resources */,
			);
			runOnlyForDeploymentPostprocessing = 0;
		};
		180009F318DA16CF000B258C /* Resources */ = {
			isa = PBXResourcesBuildPhase;
			buildActionMask = 2147483647;
			files = (
				18000A0118DA16CF000B258C /* InfoPlist.strings in Resources */,
			);
			runOnlyForDeploymentPostprocessing = 0;
		};
/* End PBXResourcesBuildPhase section */

/* Begin PBXSourcesBuildPhase section */
		180009CD18DA16CF000B258C /* Sources */ = {
			isa = PBXSourcesBuildPhase;
			buildActionMask = 2147483647;
			files = (
				180009EE18DA16CF000B258C /* ViewController.m in Sources */,
				180009E518DA16CF000B258C /* AppDelegate.m in Sources */,
				180009E118DA16CF000B258C /* main.m in Sources */,
			);
			runOnlyForDeploymentPostprocessing = 0;
		};
		180009F118DA16CF000B258C /* Sources */ = {
			isa = PBXSourcesBuildPhase;
			buildActionMask = 2147483647;
			files = (
				18000A0318DA16CF000B258C /* TesteNovoTests.m in Sources */,
			);
			runOnlyForDeploymentPostprocessing = 0;
		};
/* End PBXSourcesBuildPhase section */

/* Begin PBXTargetDependency section */
		180009FB18DA16CF000B258C /* PBXTargetDependency */ = {
			isa = PBXTargetDependency;
			target = 180009D018DA16CF000B258C /* TesteNovo */;
			targetProxy = 180009FA18DA16CF000B258C /* PBXContainerItemProxy */;
		};
/* End PBXTargetDependency section */

/* Begin PBXVariantGroup section */
		180009DD18DA16CF000B258C /* InfoPlist.strings */ = {
			isa = PBXVariantGroup;
			children = (
				180009DE18DA16CF000B258C /* en */,
			);
			name = InfoPlist.strings;
			sourceTree = "<group>";
		};
		180009E618DA16CF000B258C /* Main_iPhone.storyboard */ = {
			isa = PBXVariantGroup;
			children = (
				180009E718DA16CF000B258C /* Base */,
			);
			name = Main_iPhone.storyboard;
			sourceTree = "<group>";
		};
		180009E918DA16CF000B258C /* Main_iPad.storyboard */ = {
			isa = PBXVariantGroup;
			children = (
				180009EA18DA16CF000B258C /* Base */,
			);
			name = Main_iPad.storyboard;
			sourceTree = "<group>";
		};
		180009FF18DA16CF000B258C /* InfoPlist.strings */ = {
			isa = PBXVariantGroup;
			children = (
				18000A0018DA16CF000B258C /* en */,
			);
			name = InfoPlist.strings;
			sourceTree = "<group>";
		};
/* End PBXVariantGroup section */

/* Begin XCBuildConfiguration section */
		18000A0418DA16CF000B258C /* Debug */ = {
			isa = XCBuildConfiguration;
			buildSettings = {
				ALWAYS_SEARCH_USER_PATHS = NO;
				CLANG_CXX_LANGUAGE_STANDARD = "gnu++0x";
				CLANG_CXX_LIBRARY = "libc++";
				CLANG_ENABLE_MODULES = YES;
				CLANG_ENABLE_OBJC_ARC = YES;
				CLANG_WARN_BOOL_CONVERSION = YES;
				CLANG_WARN_CONSTANT_CONVERSION = YES;
				CLANG_WARN_DIRECT_OBJC_ISA_USAGE = YES_ERROR;
				CLANG_WARN_EMPTY_BODY = YES;
				CLANG_WARN_ENUM_CONVERSION = YES;
				CLANG_WARN_INT_CONVERSION = YES;
				CLANG_WARN_OBJC_ROOT_CLASS = YES_ERROR;
				CLANG_WARN__DUPLICATE_METHOD_MATCH = YES;
				"CODE_SIGN_IDENTITY[sdk=iphoneos*]" = "iPhone Developer";
				COPY_PHASE_STRIP = NO;
				GCC_C_LANGUAGE_STANDARD = gnu99;
				GCC_DYNAMIC_NO_PIC = NO;
				GCC_OPTIMIZATION_LEVEL = 0;
				GCC_PREPROCESSOR_DEFINITIONS = (
					"DEBUG=1",
					"$(inherited)",
				);
				GCC_SYMBOLS_PRIVATE_EXTERN = NO;
				GCC_WARN_64_TO_32_BIT_CONVERSION = YES;
				GCC_WARN_ABOUT_RETURN_TYPE = YES_ERROR;
				GCC_WARN_UNDECLARED_SELECTOR = YES;
				GCC_WARN_UNINITIALIZED_AUTOS = YES_AGGRESSIVE;
				GCC_WARN_UNUSED_FUNCTION = YES;
				GCC_WARN_UNUSED_VARIABLE = YES;
				IPHONEOS_DEPLOYMENT_TARGET = 7.1;
				ONLY_ACTIVE_ARCH = YES;
				SDKROOT = iphoneos;
				TARGETED_DEVICE_FAMILY = "1,2";
			};
			name = Debug;
		};
		18000A0518DA16CF000B258C /* Release */ = {
			isa = XCBuildConfiguration;
			buildSettings = {
				ALWAYS_SEARCH_USER_PATHS = NO;
				CLANG_CXX_LANGUAGE_STANDARD = "gnu++0x";
				CLANG_CXX_LIBRARY = "libc++";
				CLANG_ENABLE_MODULES = YES;
				CLANG_ENABLE_OBJC_ARC = YES;
				CLANG_WARN_BOOL_CONVERSION = YES;
				CLANG_WARN_CONSTANT_CONVERSION = YES;
				CLANG_WARN_DIRECT_OBJC_ISA_USAGE = YES_ERROR;
				CLANG_WARN_EMPTY_BODY = YES;
				CLANG_WARN_ENUM_CONVERSION = YES;
				CLANG_WARN_INT_CONVERSION = YES;
				CLANG_WARN_OBJC_ROOT_CLASS = YES_ERROR;
				CLANG_WARN__DUPLICATE_METHOD_MATCH = YES;
				"CODE_SIGN_IDENTITY[sdk=iphoneos*]" = "iPhone Developer";
				COPY_PHASE_STRIP = YES;
				ENABLE_NS_ASSERTIONS = NO;
				GCC_C_LANGUAGE_STANDARD = gnu99;
				GCC_WARN_64_TO_32_BIT_CONVERSION = YES;
				GCC_WARN_ABOUT_RETURN_TYPE = YES_ERROR;
				GCC_WARN_UNDECLARED_SELECTOR = YES;
				GCC_WARN_UNINITIALIZED_AUTOS = YES_AGGRESSIVE;
				GCC_WARN_UNUSED_FUNCTION = YES;
				GCC_WARN_UNUSED_VARIABLE = YES;
				IPHONEOS_DEPLOYMENT_TARGET = 7.1;
				SDKROOT = iphoneos;
				TARGETED_DEVICE_FAMILY = "1,2";
				VALIDATE_PRODUCT = YES;
			};
			name = Release;
		};
		18000A0718DA16CF000B258C /* Debug */ = {
			isa = XCBuildConfiguration;
			buildSettings = {
				ASSETCATALOG_COMPILER_APPICON_NAME = AppIcon;
				ASSETCATALOG_COMPILER_LAUNCHIMAGE_NAME = LaunchImage;
				GCC_PRECOMPILE_PREFIX_HEADER = YES;
				GCC_PREFIX_HEADER = "TesteNovo/TesteNovo-Prefix.pch";
				INFOPLIST_FILE = "TesteNovo/TesteNovo-Info.plist";
				PRODUCT_NAME = "$(TARGET_NAME)";
				WRAPPER_EXTENSION = app;
			};
			name = Debug;
		};
		18000A0818DA16CF000B258C /* Release */ = {
			isa = XCBuildConfiguration;
			buildSettings = {
				ASSETCATALOG_COMPILER_APPICON_NAME = AppIcon;
				ASSETCATALOG_COMPILER_LAUNCHIMAGE_NAME = LaunchImage;
				GCC_PRECOMPILE_PREFIX_HEADER = YES;
				GCC_PREFIX_HEADER = "TesteNovo/TesteNovo-Prefix.pch";
				INFOPLIST_FILE = "TesteNovo/TesteNovo-Info.plist";
				PRODUCT_NAME = "$(TARGET_NAME)";
				WRAPPER_EXTENSION = app;
			};
			name = Release;
		};
		18000A0A18DA16CF000B258C /* Debug */ = {
			isa = XCBuildConfiguration;
			buildSettings = {
				BUNDLE_LOADER = "$(BUILT_PRODUCTS_DIR)/TesteNovo.app/TesteNovo";
				FRAMEWORK_SEARCH_PATHS = (
					"$(SDKROOT)/Developer/Library/Frameworks",
					"$(inherited)",
					"$(DEVELOPER_FRAMEWORKS_DIR)",
				);
				GCC_PRECOMPILE_PREFIX_HEADER = YES;
				GCC_PREFIX_HEADER = "TesteNovo/TesteNovo-Prefix.pch";
				GCC_PREPROCESSOR_DEFINITIONS = (
					"DEBUG=1",
					"$(inherited)",
				);
				INFOPLIST_FILE = "TesteNovoTests/TesteNovoTests-Info.plist";
				PRODUCT_NAME = "$(TARGET_NAME)";
				TEST_HOST = "$(BUNDLE_LOADER)";
				WRAPPER_EXTENSION = xctest;
			};
			name = Debug;
		};
		18000A0B18DA16CF000B258C /* Release */ = {
			isa = XCBuildConfiguration;
			buildSettings = {
				BUNDLE_LOADER = "$(BUILT_PRODUCTS_DIR)/TesteNovo.app/TesteNovo";
				FRAMEWORK_SEARCH_PATHS = (
					"$(SDKROOT)/Developer/Library/Frameworks",
					"$(inherited)",
					"$(DEVELOPER_FRAMEWORKS_DIR)",
				);
				GCC_PRECOMPILE_PREFIX_HEADER = YES;
				GCC_PREFIX_HEADER = "TesteNovo/TesteNovo-Prefix.pch";
				INFOPLIST_FILE = "TesteNovoTests/TesteNovoTests-Info.plist";
				PRODUCT_NAME = "$(TARGET_NAME)";
				TEST_HOST = "$(BUNDLE_LOADER)";
				WRAPPER_EXTENSION = xctest;
			};
			name = Release;
		};
/* End XCBuildConfiguration section */

/* Begin XCConfigurationList section */
		180009CC18DA16CF000B258C /* Build configuration list for PBXProject "TesteNovo" */ = {
			isa = XCConfigurationList;
			buildConfigurations = (
				18000A0418DA16CF000B258C /* Debug */,
				18000A0518DA16CF000B258C /* Release */,
			);
			defaultConfigurationIsVisible = 0;
			defaultConfigurationName = Release;
		};
		18000A0618DA16CF000B258C /* Build configuration list for PBXNativeTarget "TesteNovo" */ = {
			isa = XCConfigurationList;
			buildConfigurations = (
				18000A0718DA16CF000B258C /* Debug */,
				18000A0818DA16CF000B258C /* Release */,
			);
			defaultConfigurationIsVisible = 0;
		};
		18000A0918DA16CF000B258C /* Build configuration list for PBXNativeTarget "TesteNovoTests" */ = {
			isa = XCConfigurationList;
			buildConfigurations = (
				18000A0A18DA16CF000B258C /* Debug */,
				18000A0B18DA16CF000B258C /* Release */,
			);
			defaultConfigurationIsVisible = 0;
		};
/* End XCConfigurationList section */
	};
	rootObject = 180009C918DA16CF000B258C /* Project object */;
}
